{
    "_readme": [
        "This file locks the dependencies of your project to a known state",
        "Read more about it at http://getcomposer.org/doc/01-basic-usage.md#composer-lock-the-lock-file"
    ],
    "hash": "83be879a9c694ecbd83a9b2a5c500900",
    "packages": [
        {
            "name": "camcima/camcima-soap-client",
            "version": "dev-master",
            "source": {
                "type": "git",
                "url": "https://github.com/camcima/camcima-soap-client.git",
                "reference": "44325e40c5643c750427a36983c154093f5a2989"
            },
            "dist": {
                "type": "zip",
                "url": "https://api.github.com/repos/camcima/camcima-soap-client/zipball/44325e40c5643c750427a36983c154093f5a2989",
                "reference": "44325e40c5643c750427a36983c154093f5a2989",
                "shasum": ""
            },
            "require": {
                "ext-libxml": "*",
                "ext-soap": "*",
                "lib-curl": "*",
                "php": ">=5.3.0"
            },
            "type": "library",
            "autoload": {
                "psr-0": {
                    "Camcima": "src/"
                }
            },
            "notification-url": "https://packagist.org/downloads/",
            "description": "Wrapper around PHP SoapClient class",
            "time": "2013-04-25 14:32:44"
        }
    ],
    "packages-dev": [

    ],
    "aliases": [

    ],
    "minimum-stability": "dev",
    "stability-flags": {
        "camcima/camcima-soap-client": 20
    },
    "platform": {
        "php": ">=5.3.0"
    },
    "platform-dev": [

    ]
}
