{
    "_readme": [
        "This file locks the dependencies of your project to a known state",
        "Read more about it at http://getcomposer.org/doc/01-basic-usage.md#composer-lock-the-lock-file"
    ],
    "hash": "61f71d31515cd36ce9ef354d676d880f",
    "packages": [
        {
            "name": "ass/xmlsecurity",
            "version": "dev-master",
            "source": {
                "type": "git",
                "url": "https://github.com/aschamberger/XmlSecurity.git",
                "reference": "bc4b70c3d5096b3dc14159e548444cf509c61de7"
            },
            "dist": {
                "type": "zip",
                "url": "https://api.github.com/repos/aschamberger/XmlSecurity/zipball/bc4b70c3d5096b3dc14159e548444cf509c61de7",
                "reference": "bc4b70c3d5096b3dc14159e548444cf509c61de7",
                "shasum": ""
            },
            "require": {
                "lib-openssl": ">=0.9.0",
                "php": ">=5.3.0"
            },
            "type": "library",
            "autoload": {
                "psr-0": {
                    "ass\\XmlSecurity": "src/"
                }
            },
            "notification-url": "https://packagist.org/downloads/",
            "license": [
                "BSD-3-Clause"
            ],
            "authors": [
                {
                    "name": "Robert Richards",
                    "email": "rrichards@cdatazone.org"
                },
                {
                    "name": "Andreas Schamberger",
                    "email": "mail@andreass.net"
                }
            ],
            "description": "The XmlSecurity library is written in PHP for working with XML Encryption and Signatures",
            "homepage": "https://github.com/aschamberger/XmlSecurity",
            "keywords": [
                "encryption",
                "security",
                "signature",
                "xml"
            ],
            "time": "2013-02-14 20:00:08"
        },
        {
            "name": "besimple/soap-client",
            "version": "dev-master",
            "target-dir": "BeSimple/SoapClient",
            "source": {
                "type": "git",
                "url": "https://github.com/BeSimple/BeSimpleSoapClient.git",
                "reference": "41301775bf7ca3cc8f486929c0d7484dce4c7393"
            },
            "dist": {
                "type": "zip",
                "url": "https://api.github.com/repos/BeSimple/BeSimpleSoapClient/zipball/41301775bf7ca3cc8f486929c0d7484dce4c7393",
                "reference": "41301775bf7ca3cc8f486929c0d7484dce4c7393",
                "shasum": ""
            },
            "require": {
                "ass/xmlsecurity": "dev-master",
                "besimple/soap-common": "dev-master",
                "php": ">=5.3.0"
            },
            "type": "library",
            "autoload": {
                "psr-0": {
                    "BeSimple\\SoapClient": "BeSimple/SoapClient/src/"
                }
            },
            "notification-url": "https://packagist.org/downloads/",
            "license": [
                "MIT"
            ],
            "authors": [
                {
                    "name": "Francis Besset",
                    "email": "francis.besset@gmail.com",
                    "homepage": "http://www.apercite.fr"
                },
                {
                    "name": "Andreas Schamberger",
                    "email": "mail@andreass.net"
                },
                {
                    "name": "Christian Kerl",
                    "email": "christian-kerl@web.de"
                }
            ],
            "description": "Build and consume SOAP Client based web services",
            "homepage": "https://github.com/BeSimple/BeSimpleSoapClient",
            "keywords": [
                "soap",
                "soap-client"
            ],
            "time": "2013-01-15 21:52:18"
        },
        {
            "name": "besimple/soap-common",
            "version": "dev-master",
            "source": {
                "type": "git",
                "url": "https://github.com/BeSimple/BeSimpleSoapCommon.git",
                "reference": "db885b2be7328fd8e663ee256df2d8570daeac3c"
            },
            "dist": {
                "type": "zip",
                "url": "https://api.github.com/repos/BeSimple/BeSimpleSoapCommon/zipball/db885b2be7328fd8e663ee256df2d8570daeac3c",
                "reference": "db885b2be7328fd8e663ee256df2d8570daeac3c",
                "shasum": ""
            },
            "require": {
                "ass/xmlsecurity": "dev-master",
                "php": ">=5.3.0"
            },
            "require-dev": {
                "mikey179/vfsstream": "dev-master"
            },
            "type": "library",
            "autoload": {
                "psr-0": {
                    "BeSimple\\SoapCommon": "src/"
                }
            },
            "notification-url": "https://packagist.org/downloads/",
            "license": [
                "MIT"
            ],
            "authors": [
                {
                    "name": "Francis Besset",
                    "email": "francis.besset@gmail.com",
                    "homepage": "http://www.apercite.fr"
                },
                {
                    "name": "Andreas Schamberger",
                    "email": "mail@andreass.net"
                },
                {
                    "name": "Christian Kerl",
                    "email": "christian-kerl@web.de"
                }
            ],
            "description": "Build and consume SOAP Common based web services",
            "homepage": "https://github.com/BeSimple/BeSimpleSoapCommon",
            "keywords": [
                "soap",
                "soap-common"
            ],
            "time": "2013-02-27 16:03:38"
        }
    ],
    "packages-dev": [

    ],
    "aliases": [

    ],
    "minimum-stability": "dev",
    "stability-flags": {
        "besimple/soap-client": 20
    },
    "platform": {
        "php": ">=5.3.0"
    },
    "platform-dev": [

    ]
}
